
Microsoft Visual Studio Solution File, Format Version 12.00
# Visual Studio Version 16
VisualStudioVersion = 16.0.31424.327
MinimumVisualStudioVersion = 10.0.40219.1
Project("{FAE04EC0-301F-11D3-BF4B-00C04F79EFBC}") = "CarusoPizza", "CarusoPizza\CarusoPizza.csproj", "{B76D916C-E345-4BF8-8710-FD03BD25FF73}"
EndProject
Global
	GlobalSection(SolutionConfigurationPlatforms) = preSolution
		Debug|Any CPU = Debug|Any CPU
		Release|Any CPU = Release|Any CPU
	EndGlobalSection
	GlobalSection(ProjectConfigurationPlatforms) = postSolution
		{B76D916C-E345-4BF8-8710-FD03BD25FF73}.Debug|Any CPU.ActiveCfg = Debug|Any CPU
		{B76D916C-E345-4BF8-8710-FD03BD25FF73}.Debug|Any CPU.Build.0 = Debug|Any CPU
		{B76D916C-E345-4BF8-8710-FD03BD25FF73}.Release|Any CPU.ActiveCfg = Release|Any CPU
		{B76D916C-E345-4BF8-8710-FD03BD25FF73}.Release|Any CPU.Build.0 = Release|Any CPU
	EndGlobalSection
	GlobalSection(SolutionProperties) = preSolution
		HideSolutionNode = FALSE
	EndGlobalSection
	GlobalSection(ExtensibilityGlobals) = postSolution
		SolutionGuid = {76A5295B-DEB0-4D7D-BFB6-4B557890ED29}
	EndGlobalSection
EndGlobal
